
Microsoft Visual Studio Solution File, Format Version 12.00
# Visual Studio Version 17
VisualStudioVersion = 17.4.32804.182
MinimumVisualStudioVersion = 10.0.40219.1
Project("{9A19103F-16F7-4668-BE54-9A1E7A4F7556}") = "WarehouseMovementService", "WarehouseMovementService.csproj", "{86A67C24-3144-4165-8392-FCE4A7851424}"
EndProject
Project("{9A19103F-16F7-4668-BE54-9A1E7A4F7556}") = "WarehouseMovementService.Application", "..\WarehouseMovementService.Application\WarehouseMovementService.Application.csproj", "{81301050-D44A-4E70-BC4D-FA74BFE95F89}"
EndProject
Project("{9A19103F-16F7-4668-BE54-9A1E7A4F7556}") = "WarehouseMovementService.Domain", "..\WarehouseMovementService.Domain\WarehouseMovementService.Domain.csproj", "{5B086F52-094B-41D9-A014-59840BB82981}"
EndProject
Project("{9A19103F-16F7-4668-BE54-9A1E7A4F7556}") = "WarehouseMovementService.Infrastructure", "..\WarehouseMovementService.Infrastructure\WarehouseMovementService.Infrastructure.csproj", "{90988512-FF8A-4E69-B47C-93619F98F889}"
EndProject
Project("{2150E333-8FDC-42A3-9474-1A3956D46DE8}") = "tests", "tests", "{FE26AC43-2A6F-4FAE-81A6-1101C3D6B2CC}"
EndProject
Project("{FAE04EC0-301F-11D3-BF4B-00C04F79EFBC}") = "WarehouseMovementService.Domain.Test", "..\WarehouseMovementService.Domain.Test\WarehouseMovementService.Domain.Test.csproj", "{AD056F8B-B300-422B-9044-274577B4AAFF}"
EndProject
Project("{FAE04EC0-301F-11D3-BF4B-00C04F79EFBC}") = "WarehouseMovementService.Test", "..\WarehouseMovementService.Application.Test\WarehouseMovementService.Test.csproj", "{49E7F77C-B75F-4275-9F10-CB44B9A65853}"
EndProject
Global
	GlobalSection(SolutionConfigurationPlatforms) = preSolution
		Debug|Any CPU = Debug|Any CPU
		Release|Any CPU = Release|Any CPU
	EndGlobalSection
	GlobalSection(ProjectConfigurationPlatforms) = postSolution
		{86A67C24-3144-4165-8392-FCE4A7851424}.Debug|Any CPU.ActiveCfg = Debug|Any CPU
		{86A67C24-3144-4165-8392-FCE4A7851424}.Debug|Any CPU.Build.0 = Debug|Any CPU
		{86A67C24-3144-4165-8392-FCE4A7851424}.Release|Any CPU.ActiveCfg = Release|Any CPU
		{86A67C24-3144-4165-8392-FCE4A7851424}.Release|Any CPU.Build.0 = Release|Any CPU
		{81301050-D44A-4E70-BC4D-FA74BFE95F89}.Debug|Any CPU.ActiveCfg = Debug|Any CPU
		{81301050-D44A-4E70-BC4D-FA74BFE95F89}.Debug|Any CPU.Build.0 = Debug|Any CPU
		{81301050-D44A-4E70-BC4D-FA74BFE95F89}.Release|Any CPU.ActiveCfg = Release|Any CPU
		{81301050-D44A-4E70-BC4D-FA74BFE95F89}.Release|Any CPU.Build.0 = Release|Any CPU
		{5B086F52-094B-41D9-A014-59840BB82981}.Debug|Any CPU.ActiveCfg = Debug|Any CPU
		{5B086F52-094B-41D9-A014-59840BB82981}.Debug|Any CPU.Build.0 = Debug|Any CPU
		{5B086F52-094B-41D9-A014-59840BB82981}.Release|Any CPU.ActiveCfg = Release|Any CPU
		{5B086F52-094B-41D9-A014-59840BB82981}.Release|Any CPU.Build.0 = Release|Any CPU
		{90988512-FF8A-4E69-B47C-93619F98F889}.Debug|Any CPU.ActiveCfg = Debug|Any CPU
		{90988512-FF8A-4E69-B47C-93619F98F889}.Debug|Any CPU.Build.0 = Debug|Any CPU
		{90988512-FF8A-4E69-B47C-93619F98F889}.Release|Any CPU.ActiveCfg = Release|Any CPU
		{90988512-FF8A-4E69-B47C-93619F98F889}.Release|Any CPU.Build.0 = Release|Any CPU
		{AD056F8B-B300-422B-9044-274577B4AAFF}.Debug|Any CPU.ActiveCfg = Debug|Any CPU
		{AD056F8B-B300-422B-9044-274577B4AAFF}.Debug|Any CPU.Build.0 = Debug|Any CPU
		{AD056F8B-B300-422B-9044-274577B4AAFF}.Release|Any CPU.ActiveCfg = Release|Any CPU
		{AD056F8B-B300-422B-9044-274577B4AAFF}.Release|Any CPU.Build.0 = Release|Any CPU
		{49E7F77C-B75F-4275-9F10-CB44B9A65853}.Debug|Any CPU.ActiveCfg = Debug|Any CPU
		{49E7F77C-B75F-4275-9F10-CB44B9A65853}.Debug|Any CPU.Build.0 = Debug|Any CPU
		{49E7F77C-B75F-4275-9F10-CB44B9A65853}.Release|Any CPU.ActiveCfg = Release|Any CPU
		{49E7F77C-B75F-4275-9F10-CB44B9A65853}.Release|Any CPU.Build.0 = Release|Any CPU
	EndGlobalSection
	GlobalSection(SolutionProperties) = preSolution
		HideSolutionNode = FALSE
	EndGlobalSection
	GlobalSection(NestedProjects) = preSolution
		{AD056F8B-B300-422B-9044-274577B4AAFF} = {FE26AC43-2A6F-4FAE-81A6-1101C3D6B2CC}
		{49E7F77C-B75F-4275-9F10-CB44B9A65853} = {FE26AC43-2A6F-4FAE-81A6-1101C3D6B2CC}
	EndGlobalSection
	GlobalSection(ExtensibilityGlobals) = postSolution
		SolutionGuid = {6FA6522B-5CFE-4C45-B99A-D0784A5ADCA2}
	EndGlobalSection
EndGlobal
